// !$*UTF8*$!
{
	archiveVersion = 1;
	classes = {
	};
	objectVersion = 56;
	objects = {

/* Begin PBXBuildFile section */
		4DC8F2022A7784D2008E7901 /* AppDelegate.swift in Sources */ = {isa = PBXBuildFile; fileRef = 4DC8F2012A7784D2008E7901 /* AppDelegate.swift */; };
		4DC8F2092A7784D2008E7901 /* Main.storyboard in Resources */ = {isa = PBXBuildFile; fileRef = 4DC8F2072A7784D2008E7901 /* Main.storyboard */; };
		4DC8F20B2A7784D3008E7901 /* Assets.xcassets in Resources */ = {isa = PBXBuildFile; fileRef = 4DC8F20A2A7784D3008E7901 /* Assets.xcassets */; };
		4DC8F20E2A7784D3008E7901 /* LaunchScreen.storyboard in Resources */ = {isa = PBXBuildFile; fileRef = 4DC8F20C2A7784D3008E7901 /* LaunchScreen.storyboard */; };
		4DC8F21D2A77890B008E7901 /* Localizable.strings in Resources */ = {isa = PBXBuildFile; fileRef = 4DC8F21F2A77890B008E7901 /* Localizable.strings */; };
		4DC8F24C2A7789C4008E7901 /* UIFont+.swift in Sources */ = {isa = PBXBuildFile; fileRef = 4DC8F2232A7789C4008E7901 /* UIFont+.swift */; };
		4DC8F24D2A7789C4008E7901 /* UIImageView+.swift in Sources */ = {isa = PBXBuildFile; fileRef = 4DC8F2242A7789C4008E7901 /* UIImageView+.swift */; };
		4DC8F24E2A7789C4008E7901 /* UIViewController+.swift in Sources */ = {isa = PBXBuildFile; fileRef = 4DC8F2252A7789C4008E7901 /* UIViewController+.swift */; };
		4DC8F24F2A7789C4008E7901 /* UICollectionView+.swift in Sources */ = {isa = PBXBuildFile; fileRef = 4DC8F2262A7789C4008E7901 /* UICollectionView+.swift */; };
		4DC8F2502A7789C4008E7901 /* Observable+.swift in Sources */ = {isa = PBXBuildFile; fileRef = 4DC8F2272A7789C4008E7901 /* Observable+.swift */; };
		4DC8F2512A7789C4008E7901 /* Date+.swift in Sources */ = {isa = PBXBuildFile; fileRef = 4DC8F2282A7789C4008E7901 /* Date+.swift */; };
		4DC8F2522A7789C4008E7901 /* UIApplication+.swift in Sources */ = {isa = PBXBuildFile; fileRef = 4DC8F2292A7789C4008E7901 /* UIApplication+.swift */; };
		4DC8F2532A7789C4008E7901 /* TopViewModel.swift in Sources */ = {isa = PBXBuildFile; fileRef = 4DC8F22C2A7789C4008E7901 /* TopViewModel.swift */; };
		4DC8F2542A7789C4008E7901 /* TopViewController.swift in Sources */ = {isa = PBXBuildFile; fileRef = 4DC8F22D2A7789C4008E7901 /* TopViewController.swift */; };
		4DC8F2552A7789C4008E7901 /* Top.storyboard in Resources */ = {isa = PBXBuildFile; fileRef = 4DC8F22E2A7789C4008E7901 /* Top.storyboard */; };
		4DC8F2562A7789C4008E7901 /* BaseNavigationViewController.swift in Sources */ = {isa = PBXBuildFile; fileRef = 4DC8F2302A7789C4008E7901 /* BaseNavigationViewController.swift */; };
		4DC8F2572A7789C4008E7901 /* MainViewController.swift in Sources */ = {isa = PBXBuildFile; fileRef = 4DC8F2312A7789C4008E7901 /* MainViewController.swift */; };
		4DC8F2582A7789C4008E7901 /* LocalizableString.swift in Sources */ = {isa = PBXBuildFile; fileRef = 4DC8F2332A7789C4008E7901 /* LocalizableString.swift */; };
		4DC8F2592A7789C4008E7901 /* ViewManager.swift in Sources */ = {isa = PBXBuildFile; fileRef = 4DC8F2352A7789C4008E7901 /* ViewManager.swift */; };
		4DC8F25A2A7789C4008E7901 /* DIContainer.swift in Sources */ = {isa = PBXBuildFile; fileRef = 4DC8F2362A7789C4008E7901 /* DIContainer.swift */; };
		4DC8F25B2A7789C4008E7901 /* LocalNetworkAuthorization.swift in Sources */ = {isa = PBXBuildFile; fileRef = 4DC8F2382A7789C4008E7901 /* LocalNetworkAuthorization.swift */; };
		4DC8F25C2A7789C4008E7901 /* ErrorTracker.swift in Sources */ = {isa = PBXBuildFile; fileRef = 4DC8F2392A7789C4008E7901 /* ErrorTracker.swift */; };
		4DC8F25D2A7789C4008E7901 /* ActivityIndicator.swift in Sources */ = {isa = PBXBuildFile; fileRef = 4DC8F23A2A7789C4008E7901 /* ActivityIndicator.swift */; };
		4DC8F25E2A7789C4008E7901 /* NetworkConnection.swift in Sources */ = {isa = PBXBuildFile; fileRef = 4DC8F23B2A7789C4008E7901 /* NetworkConnection.swift */; };
		4DC8F25F2A7789C4008E7901 /* AppShareData.swift in Sources */ = {isa = PBXBuildFile; fileRef = 4DC8F23C2A7789C4008E7901 /* AppShareData.swift */; };
		4DC8F2602A7789C4008E7901 /* NumberUtil.swift in Sources */ = {isa = PBXBuildFile; fileRef = 4DC8F23D2A7789C4008E7901 /* NumberUtil.swift */; };
		4DC8F2612A7789C4008E7901 /* ApplicationUtil.swift in Sources */ = {isa = PBXBuildFile; fileRef = 4DC8F23E2A7789C4008E7901 /* ApplicationUtil.swift */; };
		4DC8F2622A7789C4008E7901 /* PhotoUseCase.swift in Sources */ = {isa = PBXBuildFile; fileRef = 4DC8F2402A7789C4008E7901 /* PhotoUseCase.swift */; };
		4DC8F2632A7789C4008E7901 /* Constant.swift in Sources */ = {isa = PBXBuildFile; fileRef = 4DC8F2422A7789C4008E7901 /* Constant.swift */; };
		4DC8F2642A7789C4008E7901 /* Storyboard.swift in Sources */ = {isa = PBXBuildFile; fileRef = 4DC8F2432A7789C4008E7901 /* Storyboard.swift */; };
		4DC8F2652A7789C4008E7901 /* EnumDefine.swift in Sources */ = {isa = PBXBuildFile; fileRef = 4DC8F2442A7789C4008E7901 /* EnumDefine.swift */; };
		4DC8F2662A7789C4008E7901 /* PhotoDataEntity.swift in Sources */ = {isa = PBXBuildFile; fileRef = 4DC8F2472A7789C4008E7901 /* PhotoDataEntity.swift */; };
		4DC8F2672A7789C4008E7901 /* PhotoRepository.swift in Sources */ = {isa = PBXBuildFile; fileRef = 4DC8F2492A7789C4008E7901 /* PhotoRepository.swift */; };
		4DC8F2682A7789C4008E7901 /* BaseRequest.swift in Sources */ = {isa = PBXBuildFile; fileRef = 4DC8F24B2A7789C4008E7901 /* BaseRequest.swift */; };
		4DC8F26E2A778BA1008E7901 /* Assets.swift in Sources */ = {isa = PBXBuildFile; fileRef = 4DC8F26C2A778BA1008E7901 /* Assets.swift */; };
		4DC8F26F2A778BA1008E7901 /* Localizable.swift in Sources */ = {isa = PBXBuildFile; fileRef = 4DC8F26D2A778BA1008E7901 /* Localizable.swift */; };
		4DC8F2722A779082008E7901 /* BaseView.swift in Sources */ = {isa = PBXBuildFile; fileRef = 4DC8F2702A779082008E7901 /* BaseView.swift */; };
		4DC8F2732A779082008E7901 /* BaseViewController.swift in Sources */ = {isa = PBXBuildFile; fileRef = 4DC8F2712A779082008E7901 /* BaseViewController.swift */; };
		4DC8F2772A7790A0008E7901 /* SettingViewController.swift in Sources */ = {isa = PBXBuildFile; fileRef = 4DC8F2752A7790A0008E7901 /* SettingViewController.swift */; };
		4DC8F2782A7790A0008E7901 /* Setting.storyboard in Resources */ = {isa = PBXBuildFile; fileRef = 4DC8F2762A7790A0008E7901 /* Setting.storyboard */; };
		4DC8F27F2A779333008E7901 /* BouncyLayout.swift in Sources */ = {isa = PBXBuildFile; fileRef = 4DC8F27B2A779333008E7901 /* BouncyLayout.swift */; };
		4DC8F2802A779333008E7901 /* PhotoCollectionViewCell.xib in Resources */ = {isa = PBXBuildFile; fileRef = 4DC8F27D2A779333008E7901 /* PhotoCollectionViewCell.xib */; };
		4DC8F2812A779333008E7901 /* PhotoCollectionViewCell.swift in Sources */ = {isa = PBXBuildFile; fileRef = 4DC8F27E2A779333008E7901 /* PhotoCollectionViewCell.swift */; };
		4DC8F3252A7BD7CE008E7901 /* LoadingCircleView.swift in Sources */ = {isa = PBXBuildFile; fileRef = 4DC8F3232A7BD7CE008E7901 /* LoadingCircleView.swift */; };
		4DC8F3262A7BD7CE008E7901 /* LoadingHud.swift in Sources */ = {isa = PBXBuildFile; fileRef = 4DC8F3242A7BD7CE008E7901 /* LoadingHud.swift */; };
		4DC8F32A2A7BD845008E7901 /* TopCollectionViewDataSource.swift in Sources */ = {isa = PBXBuildFile; fileRef = 4DC8F3292A7BD845008E7901 /* TopCollectionViewDataSource.swift */; };
		4DC8F32D2A7BD8C7008E7901 /* PhotoViewEntity.swift in Sources */ = {isa = PBXBuildFile; fileRef = 4DC8F32C2A7BD8C7008E7901 /* PhotoViewEntity.swift */; };
		4DC8F3302A7BDCAE008E7901 /* ArrayDataSource.swift in Sources */ = {isa = PBXBuildFile; fileRef = 4DC8F32F2A7BDCAE008E7901 /* ArrayDataSource.swift */; };
		4DC8F3322A7BE012008E7901 /* TopCollectionViewSkeletonDataSource.swift in Sources */ = {isa = PBXBuildFile; fileRef = 4DC8F3312A7BE012008E7901 /* TopCollectionViewSkeletonDataSource.swift */; };
		AA663958F26268288B60DD6E /* Pods_MVVMRxSwiftAdvance.framework in Frameworks */ = {isa = PBXBuildFile; fileRef = 887C1422385C2C8F03530542 /* Pods_MVVMRxSwiftAdvance.framework */; };
/* End PBXBuildFile section */

/* Begin PBXFileReference section */
		2B5FAA9FC586725E09B78E49 /* Pods-MVVMRxSwiftAdvance.production.xcconfig */ = {isa = PBXFileReference; includeInIndex = 1; lastKnownFileType = text.xcconfig; name = "Pods-MVVMRxSwiftAdvance.production.xcconfig"; path = "Target Support Files/Pods-MVVMRxSwiftAdvance/Pods-MVVMRxSwiftAdvance.production.xcconfig"; sourceTree = "<group>"; };
		3941B32FBC9BFA645D9F6BFD /* Pods-MVVMRxSwiftAdvance.debug.xcconfig */ = {isa = PBXFileReference; includeInIndex = 1; lastKnownFileType = text.xcconfig; name = "Pods-MVVMRxSwiftAdvance.debug.xcconfig"; path = "Target Support Files/Pods-MVVMRxSwiftAdvance/Pods-MVVMRxSwiftAdvance.debug.xcconfig"; sourceTree = "<group>"; };
		4DC8F1FE2A7784D2008E7901 /* MVVMRxSwiftAdvance.app */ = {isa = PBXFileReference; explicitFileType = wrapper.application; includeInIndex = 0; path = MVVMRxSwiftAdvance.app; sourceTree = BUILT_PRODUCTS_DIR; };
		4DC8F2012A7784D2008E7901 /* AppDelegate.swift */ = {isa = PBXFileReference; lastKnownFileType = sourcecode.swift; path = AppDelegate.swift; sourceTree = "<group>"; };
		4DC8F2082A7784D2008E7901 /* Base */ = {isa = PBXFileReference; lastKnownFileType = file.storyboard; name = Base; path = Base.lproj/Main.storyboard; sourceTree = "<group>"; };
		4DC8F20A2A7784D3008E7901 /* Assets.xcassets */ = {isa = PBXFileReference; lastKnownFileType = folder.assetcatalog; path = Assets.xcassets; sourceTree = "<group>"; };
		4DC8F20D2A7784D3008E7901 /* Base */ = {isa = PBXFileReference; lastKnownFileType = file.storyboard; name = Base; path = Base.lproj/LaunchScreen.storyboard; sourceTree = "<group>"; };
		4DC8F20F2A7784D3008E7901 /* Info.plist */ = {isa = PBXFileReference; lastKnownFileType = text.plist.xml; path = Info.plist; sourceTree = "<group>"; };
		4DC8F21E2A77890B008E7901 /* ja */ = {isa = PBXFileReference; lastKnownFileType = text.plist.strings; name = ja; path = ja.lproj/Localizable.strings; sourceTree = "<group>"; };
		4DC8F2202A77890E008E7901 /* en */ = {isa = PBXFileReference; lastKnownFileType = text.plist.strings; name = en; path = en.lproj/Localizable.strings; sourceTree = "<group>"; };
		4DC8F2232A7789C4008E7901 /* UIFont+.swift */ = {isa = PBXFileReference; fileEncoding = 4; lastKnownFileType = sourcecode.swift; path = "UIFont+.swift"; sourceTree = "<group>"; };
		4DC8F2242A7789C4008E7901 /* UIImageView+.swift */ = {isa = PBXFileReference; fileEncoding = 4; lastKnownFileType = sourcecode.swift; path = "UIImageView+.swift"; sourceTree = "<group>"; };
		4DC8F2252A7789C4008E7901 /* UIViewController+.swift */ = {isa = PBXFileReference; fileEncoding = 4; lastKnownFileType = sourcecode.swift; path = "UIViewController+.swift"; sourceTree = "<group>"; };
		4DC8F2262A7789C4008E7901 /* UICollectionView+.swift */ = {isa = PBXFileReference; fileEncoding = 4; lastKnownFileType = sourcecode.swift; path = "UICollectionView+.swift"; sourceTree = "<group>"; };
		4DC8F2272A7789C4008E7901 /* Observable+.swift */ = {isa = PBXFileReference; fileEncoding = 4; lastKnownFileType = sourcecode.swift; path = "Observable+.swift"; sourceTree = "<group>"; };
		4DC8F2282A7789C4008E7901 /* Date+.swift */ = {isa = PBXFileReference; fileEncoding = 4; lastKnownFileType = sourcecode.swift; path = "Date+.swift"; sourceTree = "<group>"; };
		4DC8F2292A7789C4008E7901 /* UIApplication+.swift */ = {isa = PBXFileReference; fileEncoding = 4; lastKnownFileType = sourcecode.swift; path = "UIApplication+.swift"; sourceTree = "<group>"; };
		4DC8F22C2A7789C4008E7901 /* TopViewModel.swift */ = {isa = PBXFileReference; fileEncoding = 4; lastKnownFileType = sourcecode.swift; path = TopViewModel.swift; sourceTree = "<group>"; };
		4DC8F22D2A7789C4008E7901 /* TopViewController.swift */ = {isa = PBXFileReference; fileEncoding = 4; lastKnownFileType = sourcecode.swift; path = TopViewController.swift; sourceTree = "<group>"; };
		4DC8F22E2A7789C4008E7901 /* Top.storyboard */ = {isa = PBXFileReference; fileEncoding = 4; lastKnownFileType = file.storyboard; path = Top.storyboard; sourceTree = "<group>"; };
		4DC8F2302A7789C4008E7901 /* BaseNavigationViewController.swift */ = {isa = PBXFileReference; fileEncoding = 4; lastKnownFileType = sourcecode.swift; path = BaseNavigationViewController.swift; sourceTree = "<group>"; };
		4DC8F2312A7789C4008E7901 /* MainViewController.swift */ = {isa = PBXFileReference; fileEncoding = 4; lastKnownFileType = sourcecode.swift; path = MainViewController.swift; sourceTree = "<group>"; };
		4DC8F2332A7789C4008E7901 /* LocalizableString.swift */ = {isa = PBXFileReference; fileEncoding = 4; lastKnownFileType = sourcecode.swift; path = LocalizableString.swift; sourceTree = "<group>"; };
		4DC8F2352A7789C4008E7901 /* ViewManager.swift */ = {isa = PBXFileReference; fileEncoding = 4; lastKnownFileType = sourcecode.swift; path = ViewManager.swift; sourceTree = "<group>"; };
		4DC8F2362A7789C4008E7901 /* DIContainer.swift */ = {isa = PBXFileReference; fileEncoding = 4; lastKnownFileType = sourcecode.swift; path = DIContainer.swift; sourceTree = "<group>"; };
		4DC8F2382A7789C4008E7901 /* LocalNetworkAuthorization.swift */ = {isa = PBXFileReference; fileEncoding = 4; lastKnownFileType = sourcecode.swift; path = LocalNetworkAuthorization.swift; sourceTree = "<group>"; };
		4DC8F2392A7789C4008E7901 /* ErrorTracker.swift */ = {isa = PBXFileReference; fileEncoding = 4; lastKnownFileType = sourcecode.swift; path = ErrorTracker.swift; sourceTree = "<group>"; };
		4DC8F23A2A7789C4008E7901 /* ActivityIndicator.swift */ = {isa = PBXFileReference; fileEncoding = 4; lastKnownFileType = sourcecode.swift; path = ActivityIndicator.swift; sourceTree = "<group>"; };
		4DC8F23B2A7789C4008E7901 /* NetworkConnection.swift */ = {isa = PBXFileReference; fileEncoding = 4; lastKnownFileType = sourcecode.swift; path = NetworkConnection.swift; sourceTree = "<group>"; };
		4DC8F23C2A7789C4008E7901 /* AppShareData.swift */ = {isa = PBXFileReference; fileEncoding = 4; lastKnownFileType = sourcecode.swift; path = AppShareData.swift; sourceTree = "<group>"; };
		4DC8F23D2A7789C4008E7901 /* NumberUtil.swift */ = {isa = PBXFileReference; fileEncoding = 4; lastKnownFileType = sourcecode.swift; path = NumberUtil.swift; sourceTree = "<group>"; };
		4DC8F23E2A7789C4008E7901 /* ApplicationUtil.swift */ = {isa = PBXFileReference; fileEncoding = 4; lastKnownFileType = sourcecode.swift; path = ApplicationUtil.swift; sourceTree = "<group>"; };
		4DC8F2402A7789C4008E7901 /* PhotoUseCase.swift */ = {isa = PBXFileReference; fileEncoding = 4; lastKnownFileType = sourcecode.swift; path = PhotoUseCase.swift; sourceTree = "<group>"; };
		4DC8F2422A7789C4008E7901 /* Constant.swift */ = {isa = PBXFileReference; fileEncoding = 4; lastKnownFileType = sourcecode.swift; path = Constant.swift; sourceTree = "<group>"; };
		4DC8F2432A7789C4008E7901 /* Storyboard.swift */ = {isa = PBXFileReference; fileEncoding = 4; lastKnownFileType = sourcecode.swift; path = Storyboard.swift; sourceTree = "<group>"; };
		4DC8F2442A7789C4008E7901 /* EnumDefine.swift */ = {isa = PBXFileReference; fileEncoding = 4; lastKnownFileType = sourcecode.swift; path = EnumDefine.swift; sourceTree = "<group>"; };
		4DC8F2472A7789C4008E7901 /* PhotoDataEntity.swift */ = {isa = PBXFileReference; fileEncoding = 4; lastKnownFileType = sourcecode.swift; path = PhotoDataEntity.swift; sourceTree = "<group>"; };
		4DC8F2492A7789C4008E7901 /* PhotoRepository.swift */ = {isa = PBXFileReference; fileEncoding = 4; lastKnownFileType = sourcecode.swift; path = PhotoRepository.swift; sourceTree = "<group>"; };
		4DC8F24B2A7789C4008E7901 /* BaseRequest.swift */ = {isa = PBXFileReference; fileEncoding = 4; lastKnownFileType = sourcecode.swift; path = BaseRequest.swift; sourceTree = "<group>"; };
		4DC8F2692A778A63008E7901 /* Common.xcconfig */ = {isa = PBXFileReference; lastKnownFileType = text.xcconfig; path = Common.xcconfig; sourceTree = "<group>"; };
		4DC8F26A2A778A7A008E7901 /* Development.xcconfig */ = {isa = PBXFileReference; lastKnownFileType = text.xcconfig; path = Development.xcconfig; sourceTree = "<group>"; };
		4DC8F26B2A778A8E008E7901 /* Production.xcconfig */ = {isa = PBXFileReference; lastKnownFileType = text.xcconfig; path = Production.xcconfig; sourceTree = "<group>"; };
		4DC8F26C2A778BA1008E7901 /* Assets.swift */ = {isa = PBXFileReference; fileEncoding = 4; lastKnownFileType = sourcecode.swift; path = Assets.swift; sourceTree = "<group>"; };
		4DC8F26D2A778BA1008E7901 /* Localizable.swift */ = {isa = PBXFileReference; fileEncoding = 4; lastKnownFileType = sourcecode.swift; path = Localizable.swift; sourceTree = "<group>"; };
		4DC8F2702A779082008E7901 /* BaseView.swift */ = {isa = PBXFileReference; fileEncoding = 4; lastKnownFileType = sourcecode.swift; path = BaseView.swift; sourceTree = "<group>"; };
		4DC8F2712A779082008E7901 /* BaseViewController.swift */ = {isa = PBXFileReference; fileEncoding = 4; lastKnownFileType = sourcecode.swift; path = BaseViewController.swift; sourceTree = "<group>"; };
		4DC8F2752A7790A0008E7901 /* SettingViewController.swift */ = {isa = PBXFileReference; fileEncoding = 4; lastKnownFileType = sourcecode.swift; path = SettingViewController.swift; sourceTree = "<group>"; };
		4DC8F2762A7790A0008E7901 /* Setting.storyboard */ = {isa = PBXFileReference; fileEncoding = 4; lastKnownFileType = file.storyboard; path = Setting.storyboard; sourceTree = "<group>"; };
		4DC8F27B2A779333008E7901 /* BouncyLayout.swift */ = {isa = PBXFileReference; fileEncoding = 4; lastKnownFileType = sourcecode.swift; path = BouncyLayout.swift; sourceTree = "<group>"; };
		4DC8F27D2A779333008E7901 /* PhotoCollectionViewCell.xib */ = {isa = PBXFileReference; fileEncoding = 4; lastKnownFileType = file.xib; path = PhotoCollectionViewCell.xib; sourceTree = "<group>"; };
		4DC8F27E2A779333008E7901 /* PhotoCollectionViewCell.swift */ = {isa = PBXFileReference; fileEncoding = 4; lastKnownFileType = sourcecode.swift; path = PhotoCollectionViewCell.swift; sourceTree = "<group>"; };
		4DC8F3232A7BD7CE008E7901 /* LoadingCircleView.swift */ = {isa = PBXFileReference; fileEncoding = 4; lastKnownFileType = sourcecode.swift; path = LoadingCircleView.swift; sourceTree = "<group>"; };
		4DC8F3242A7BD7CE008E7901 /* LoadingHud.swift */ = {isa = PBXFileReference; fileEncoding = 4; lastKnownFileType = sourcecode.swift; path = LoadingHud.swift; sourceTree = "<group>"; };
		4DC8F3292A7BD845008E7901 /* TopCollectionViewDataSource.swift */ = {isa = PBXFileReference; lastKnownFileType = sourcecode.swift; path = TopCollectionViewDataSource.swift; sourceTree = "<group>"; };
		4DC8F32C2A7BD8C7008E7901 /* PhotoViewEntity.swift */ = {isa = PBXFileReference; lastKnownFileType = sourcecode.swift; path = PhotoViewEntity.swift; sourceTree = "<group>"; };
		4DC8F32F2A7BDCAE008E7901 /* ArrayDataSource.swift */ = {isa = PBXFileReference; lastKnownFileType = sourcecode.swift; path = ArrayDataSource.swift; sourceTree = "<group>"; };
		4DC8F3312A7BE012008E7901 /* TopCollectionViewSkeletonDataSource.swift */ = {isa = PBXFileReference; lastKnownFileType = sourcecode.swift; path = TopCollectionViewSkeletonDataSource.swift; sourceTree = "<group>"; };
		887C1422385C2C8F03530542 /* Pods_MVVMRxSwiftAdvance.framework */ = {isa = PBXFileReference; explicitFileType = wrapper.framework; includeInIndex = 0; path = Pods_MVVMRxSwiftAdvance.framework; sourceTree = BUILT_PRODUCTS_DIR; };
		AD55CB460B08E3AE5521D845 /* Pods-MVVMRxSwiftAdvance.release.xcconfig */ = {isa = PBXFileReference; includeInIndex = 1; lastKnownFileType = text.xcconfig; name = "Pods-MVVMRxSwiftAdvance.release.xcconfig"; path = "Target Support Files/Pods-MVVMRxSwiftAdvance/Pods-MVVMRxSwiftAdvance.release.xcconfig"; sourceTree = "<group>"; };
		E7B33D8953763C35D47C18A3 /* Pods-MVVMRxSwiftAdvance.development.xcconfig */ = {isa = PBXFileReference; includeInIndex = 1; lastKnownFileType = text.xcconfig; name = "Pods-MVVMRxSwiftAdvance.development.xcconfig"; path = "Target Support Files/Pods-MVVMRxSwiftAdvance/Pods-MVVMRxSwiftAdvance.development.xcconfig"; sourceTree = "<group>"; };
/* End PBXFileReference section */

/* Begin PBXFrameworksBuildPhase section */
		4DC8F1FB2A7784D2008E7901 /* Frameworks */ = {
			isa = PBXFrameworksBuildPhase;
			buildActionMask = 2147483647;
			files = (
				AA663958F26268288B60DD6E /* Pods_MVVMRxSwiftAdvance.framework in Frameworks */,
			);
			runOnlyForDeploymentPostprocessing = 0;
		};
/* End PBXFrameworksBuildPhase section */

/* Begin PBXGroup section */
		057628A3BDEBC8A774756271 /* Frameworks */ = {
			isa = PBXGroup;
			children = (
				887C1422385C2C8F03530542 /* Pods_MVVMRxSwiftAdvance.framework */,
			);
			name = Frameworks;
			sourceTree = "<group>";
		};
		4DC8F1F52A7784D2008E7901 = {
			isa = PBXGroup;
			children = (
				4DC8F2002A7784D2008E7901 /* MVVMRxSwiftAdvance */,
				4DC8F1FF2A7784D2008E7901 /* Products */,
				7E0816612558A56323A28683 /* Pods */,
				057628A3BDEBC8A774756271 /* Frameworks */,
			);
			sourceTree = "<group>";
		};
		4DC8F1FF2A7784D2008E7901 /* Products */ = {
			isa = PBXGroup;
			children = (
				4DC8F1FE2A7784D2008E7901 /* MVVMRxSwiftAdvance.app */,
			);
			name = Products;
			sourceTree = "<group>";
		};
		4DC8F2002A7784D2008E7901 /* MVVMRxSwiftAdvance */ = {
			isa = PBXGroup;
			children = (
				4DC8F2172A77888A008E7901 /* Resources */,
				4DC8F2162A778885008E7901 /* Sources */,
				4DC8F2152A77885D008E7901 /* Configs */,
				4DC8F2012A7784D2008E7901 /* AppDelegate.swift */,
				4DC8F20F2A7784D3008E7901 /* Info.plist */,
			);
			path = MVVMRxSwiftAdvance;
			sourceTree = "<group>";
		};
		4DC8F2152A77885D008E7901 /* Configs */ = {
			isa = PBXGroup;
			children = (
				4DC8F2692A778A63008E7901 /* Common.xcconfig */,
				4DC8F26A2A778A7A008E7901 /* Development.xcconfig */,
				4DC8F26B2A778A8E008E7901 /* Production.xcconfig */,
			);
			path = Configs;
			sourceTree = "<group>";
		};
		4DC8F2162A778885008E7901 /* Sources */ = {
			isa = PBXGroup;
			children = (
				4DC8F3332A7BE58C008E7901 /* CleanArchitecture */,
				4DC8F2792A779315008E7901 /* Controls */,
				4DC8F2412A7789C4008E7901 /* Define */,
				4DC8F2222A7789C4008E7901 /* Extensions */,
				4DC8F2322A7789C4008E7901 /* Helpers */,
			);
			path = Sources;
			sourceTree = "<group>";
		};
		4DC8F2172A77888A008E7901 /* Resources */ = {
			isa = PBXGroup;
			children = (
				4DC8F2072A7784D2008E7901 /* Main.storyboard */,
				4DC8F20A2A7784D3008E7901 /* Assets.xcassets */,
				4DC8F20C2A7784D3008E7901 /* LaunchScreen.storyboard */,
				4DC8F2182A778890008E7901 /* Generated */,
				4DC8F21F2A77890B008E7901 /* Localizable.strings */,
			);
			path = Resources;
			sourceTree = "<group>";
		};
		4DC8F2182A778890008E7901 /* Generated */ = {
			isa = PBXGroup;
			children = (
				4DC8F26C2A778BA1008E7901 /* Assets.swift */,
				4DC8F26D2A778BA1008E7901 /* Localizable.swift */,
			);
			path = Generated;
			sourceTree = "<group>";
		};
		4DC8F2222A7789C4008E7901 /* Extensions */ = {
			isa = PBXGroup;
			children = (
				4DC8F2232A7789C4008E7901 /* UIFont+.swift */,
				4DC8F2242A7789C4008E7901 /* UIImageView+.swift */,
				4DC8F2252A7789C4008E7901 /* UIViewController+.swift */,
				4DC8F2262A7789C4008E7901 /* UICollectionView+.swift */,
				4DC8F2272A7789C4008E7901 /* Observable+.swift */,
				4DC8F2282A7789C4008E7901 /* Date+.swift */,
				4DC8F2292A7789C4008E7901 /* UIApplication+.swift */,
			);
			path = Extensions;
			sourceTree = "<group>";
		};
		4DC8F22A2A7789C4008E7901 /* UILayer */ = {
			isa = PBXGroup;
			children = (
				4DC8F2742A7790A0008E7901 /* Setting */,
				4DC8F22B2A7789C4008E7901 /* Top */,
				4DC8F22F2A7789C4008E7901 /* Base */,
			);
			path = UILayer;
			sourceTree = "<group>";
		};
		4DC8F22B2A7789C4008E7901 /* Top */ = {
			isa = PBXGroup;
			children = (
				4DC8F32B2A7BD8A7008E7901 /* ViewEntities */,
				4DC8F3282A7BD828008E7901 /* DataSources */,
				4DC8F3272A7BD809008E7901 /* Views */,
				4DC8F22C2A7789C4008E7901 /* TopViewModel.swift */,
				4DC8F22D2A7789C4008E7901 /* TopViewController.swift */,
				4DC8F22E2A7789C4008E7901 /* Top.storyboard */,
			);
			path = Top;
			sourceTree = "<group>";
		};
		4DC8F22F2A7789C4008E7901 /* Base */ = {
			isa = PBXGroup;
			children = (
				4DC8F2702A779082008E7901 /* BaseView.swift */,
				4DC8F2712A779082008E7901 /* BaseViewController.swift */,
				4DC8F2302A7789C4008E7901 /* BaseNavigationViewController.swift */,
				4DC8F2312A7789C4008E7901 /* MainViewController.swift */,
			);
			path = Base;
			sourceTree = "<group>";
		};
		4DC8F2322A7789C4008E7901 /* Helpers */ = {
			isa = PBXGroup;
			children = (
				4DC8F32E2A7BDCA2008E7901 /* DataSource */,
				4DC8F2332A7789C4008E7901 /* LocalizableString.swift */,
				4DC8F2342A7789C4008E7901 /* ClassManager */,
				4DC8F2372A7789C4008E7901 /* Network */,
				4DC8F23C2A7789C4008E7901 /* AppShareData.swift */,
				4DC8F23D2A7789C4008E7901 /* NumberUtil.swift */,
				4DC8F23E2A7789C4008E7901 /* ApplicationUtil.swift */,
			);
			path = Helpers;
			sourceTree = "<group>";
		};
		4DC8F2342A7789C4008E7901 /* ClassManager */ = {
			isa = PBXGroup;
			children = (
				4DC8F2352A7789C4008E7901 /* ViewManager.swift */,
				4DC8F2362A7789C4008E7901 /* DIContainer.swift */,
			);
			path = ClassManager;
			sourceTree = "<group>";
		};
		4DC8F2372A7789C4008E7901 /* Network */ = {
			isa = PBXGroup;
			children = (
				4DC8F2382A7789C4008E7901 /* LocalNetworkAuthorization.swift */,
				4DC8F2392A7789C4008E7901 /* ErrorTracker.swift */,
				4DC8F23A2A7789C4008E7901 /* ActivityIndicator.swift */,
				4DC8F23B2A7789C4008E7901 /* NetworkConnection.swift */,
			);
			path = Network;
			sourceTree = "<group>";
		};
		4DC8F23F2A7789C4008E7901 /* DomainLayer */ = {
			isa = PBXGroup;
			children = (
				4DC8F2402A7789C4008E7901 /* PhotoUseCase.swift */,
			);
			path = DomainLayer;
			sourceTree = "<group>";
		};
		4DC8F2412A7789C4008E7901 /* Define */ = {
			isa = PBXGroup;
			children = (
				4DC8F2422A7789C4008E7901 /* Constant.swift */,
				4DC8F2432A7789C4008E7901 /* Storyboard.swift */,
				4DC8F2442A7789C4008E7901 /* EnumDefine.swift */,
			);
			path = Define;
			sourceTree = "<group>";
		};
		4DC8F2452A7789C4008E7901 /* DataLayer */ = {
			isa = PBXGroup;
			children = (
				4DC8F2462A7789C4008E7901 /* Entity */,
				4DC8F2482A7789C4008E7901 /* Repositories */,
				4DC8F24A2A7789C4008E7901 /* Request */,
			);
			path = DataLayer;
			sourceTree = "<group>";
		};
		4DC8F2462A7789C4008E7901 /* Entity */ = {
			isa = PBXGroup;
			children = (
				4DC8F2472A7789C4008E7901 /* PhotoDataEntity.swift */,
			);
			path = Entity;
			sourceTree = "<group>";
		};
		4DC8F2482A7789C4008E7901 /* Repositories */ = {
			isa = PBXGroup;
			children = (
				4DC8F2492A7789C4008E7901 /* PhotoRepository.swift */,
			);
			path = Repositories;
			sourceTree = "<group>";
		};
		4DC8F24A2A7789C4008E7901 /* Request */ = {
			isa = PBXGroup;
			children = (
				4DC8F24B2A7789C4008E7901 /* BaseRequest.swift */,
			);
			path = Request;
			sourceTree = "<group>";
		};
		4DC8F2742A7790A0008E7901 /* Setting */ = {
			isa = PBXGroup;
			children = (
				4DC8F2752A7790A0008E7901 /* SettingViewController.swift */,
				4DC8F2762A7790A0008E7901 /* Setting.storyboard */,
			);
			path = Setting;
			sourceTree = "<group>";
		};
		4DC8F2792A779315008E7901 /* Controls */ = {
			isa = PBXGroup;
			children = (
				4DC8F3222A7BD7CE008E7901 /* Loading */,
				4DC8F27A2A779333008E7901 /* CollectionViewLayout */,
			);
			path = Controls;
			sourceTree = "<group>";
		};
		4DC8F27A2A779333008E7901 /* CollectionViewLayout */ = {
			isa = PBXGroup;
			children = (
				4DC8F27B2A779333008E7901 /* BouncyLayout.swift */,
			);
			path = CollectionViewLayout;
			sourceTree = "<group>";
		};
		4DC8F3222A7BD7CE008E7901 /* Loading */ = {
			isa = PBXGroup;
			children = (
				4DC8F3232A7BD7CE008E7901 /* LoadingCircleView.swift */,
				4DC8F3242A7BD7CE008E7901 /* LoadingHud.swift */,
			);
			path = Loading;
			sourceTree = "<group>";
		};
		4DC8F3272A7BD809008E7901 /* Views */ = {
			isa = PBXGroup;
			children = (
				4DC8F27D2A779333008E7901 /* PhotoCollectionViewCell.xib */,
				4DC8F27E2A779333008E7901 /* PhotoCollectionViewCell.swift */,
			);
			path = Views;
			sourceTree = "<group>";
		};
		4DC8F3282A7BD828008E7901 /* DataSources */ = {
			isa = PBXGroup;
			children = (
				4DC8F3292A7BD845008E7901 /* TopCollectionViewDataSource.swift */,
				4DC8F3312A7BE012008E7901 /* TopCollectionViewSkeletonDataSource.swift */,
			);
			path = DataSources;
			sourceTree = "<group>";
		};
		4DC8F32B2A7BD8A7008E7901 /* ViewEntities */ = {
			isa = PBXGroup;
			children = (
				4DC8F32C2A7BD8C7008E7901 /* PhotoViewEntity.swift */,
			);
			path = ViewEntities;
			sourceTree = "<group>";
		};
		4DC8F32E2A7BDCA2008E7901 /* DataSource */ = {
			isa = PBXGroup;
			children = (
				4DC8F32F2A7BDCAE008E7901 /* ArrayDataSource.swift */,
			);
			path = DataSource;
			sourceTree = "<group>";
		};
		4DC8F3332A7BE58C008E7901 /* CleanArchitecture */ = {
			isa = PBXGroup;
			children = (
				4DC8F22A2A7789C4008E7901 /* UILayer */,
				4DC8F2452A7789C4008E7901 /* DataLayer */,
				4DC8F23F2A7789C4008E7901 /* DomainLayer */,
			);
			path = CleanArchitecture;
			sourceTree = "<group>";
		};
		7E0816612558A56323A28683 /* Pods */ = {
			isa = PBXGroup;
			children = (
				3941B32FBC9BFA645D9F6BFD /* Pods-MVVMRxSwiftAdvance.debug.xcconfig */,
				AD55CB460B08E3AE5521D845 /* Pods-MVVMRxSwiftAdvance.release.xcconfig */,
				E7B33D8953763C35D47C18A3 /* Pods-MVVMRxSwiftAdvance.development.xcconfig */,
				2B5FAA9FC586725E09B78E49 /* Pods-MVVMRxSwiftAdvance.production.xcconfig */,
			);
			path = Pods;
			sourceTree = "<group>";
		};
/* End PBXGroup section */

/* Begin PBXNativeTarget section */
		4DC8F1FD2A7784D2008E7901 /* MVVMRxSwiftAdvance */ = {
			isa = PBXNativeTarget;
			buildConfigurationList = 4DC8F2122A7784D3008E7901 /* Build configuration list for PBXNativeTarget "MVVMRxSwiftAdvance" */;
			buildPhases = (
				CA09720AEE8C4F843FA565EA /* [CP] Check Pods Manifest.lock */,
				4DC8F1FA2A7784D2008E7901 /* Sources */,
				4DC8F1FB2A7784D2008E7901 /* Frameworks */,
				4DC8F1FC2A7784D2008E7901 /* Resources */,
				D76E2943E4EA1A9BC0BC48D1 /* [CP] Embed Pods Frameworks */,
				4DC8F2212A778957008E7901 /* SwiftGen */,
			);
			buildRules = (
			);
			dependencies = (
			);
			name = MVVMRxSwiftAdvance;
			productName = MVVMRxSwiftAdvance;
			productReference = 4DC8F1FE2A7784D2008E7901 /* MVVMRxSwiftAdvance.app */;
			productType = "com.apple.product-type.application";
		};
/* End PBXNativeTarget section */

/* Begin PBXProject section */
		4DC8F1F62A7784D2008E7901 /* Project object */ = {
			isa = PBXProject;
			attributes = {
				BuildIndependentTargetsInParallel = 1;
				LastSwiftUpdateCheck = 1410;
				LastUpgradeCheck = 1410;
				TargetAttributes = {
					4DC8F1FD2A7784D2008E7901 = {
						CreatedOnToolsVersion = 14.1;
					};
				};
			};
			buildConfigurationList = 4DC8F1F92A7784D2008E7901 /* Build configuration list for PBXProject "MVVMRxSwiftAdvance" */;
			compatibilityVersion = "Xcode 14.0";
			developmentRegion = en;
			hasScannedForEncodings = 0;
			knownRegions = (
				en,
				Base,
				ja,
			);
			mainGroup = 4DC8F1F52A7784D2008E7901;
			productRefGroup = 4DC8F1FF2A7784D2008E7901 /* Products */;
			projectDirPath = "";
			projectRoot = "";
			targets = (
				4DC8F1FD2A7784D2008E7901 /* MVVMRxSwiftAdvance */,
			);
		};
/* End PBXProject section */

/* Begin PBXResourcesBuildPhase section */
		4DC8F1FC2A7784D2008E7901 /* Resources */ = {
			isa = PBXResourcesBuildPhase;
			buildActionMask = 2147483647;
			files = (
				4DC8F20E2A7784D3008E7901 /* LaunchScreen.storyboard in Resources */,
				4DC8F21D2A77890B008E7901 /* Localizable.strings in Resources */,
				4DC8F20B2A7784D3008E7901 /* Assets.xcassets in Resources */,
				4DC8F2092A7784D2008E7901 /* Main.storyboard in Resources */,
				4DC8F2802A779333008E7901 /* PhotoCollectionViewCell.xib in Resources */,
				4DC8F2552A7789C4008E7901 /* Top.storyboard in Resources */,
				4DC8F2782A7790A0008E7901 /* Setting.storyboard in Resources */,
			);
			runOnlyForDeploymentPostprocessing = 0;
		};
/* End PBXResourcesBuildPhase section */

/* Begin PBXShellScriptBuildPhase section */
		4DC8F2212A778957008E7901 /* SwiftGen */ = {
			isa = PBXShellScriptBuildPhase;
			buildActionMask = 2147483647;
			files = (
			);
			inputFileListPaths = (
			);
			inputPaths = (
			);
			name = SwiftGen;
			outputFileListPaths = (
			);
			outputPaths = (
			);
			runOnlyForDeploymentPostprocessing = 0;
			shellPath = /bin/sh;
			shellScript = "if [[ -f \"${PODS_ROOT}/SwiftGen/bin/swiftgen\" ]]; then\n  $PODS_ROOT/SwiftGen/bin/swiftgen config run --config Scripts/swiftgen.yml\nelse\n  echo \"warning: SwiftGen is not installed. Run 'pod install --repo-update' to install it.\"\nfi\n";
		};
		CA09720AEE8C4F843FA565EA /* [CP] Check Pods Manifest.lock */ = {
			isa = PBXShellScriptBuildPhase;
			buildActionMask = 2147483647;
			files = (
			);
			inputFileListPaths = (
			);
			inputPaths = (
				"${PODS_PODFILE_DIR_PATH}/Podfile.lock",
				"${PODS_ROOT}/Manifest.lock",
			);
			name = "[CP] Check Pods Manifest.lock";
			outputFileListPaths = (
			);
			outputPaths = (
				"$(DERIVED_FILE_DIR)/Pods-MVVMRxSwiftAdvance-checkManifestLockResult.txt",
			);
			runOnlyForDeploymentPostprocessing = 0;
			shellPath = /bin/sh;
			shellScript = "diff \"${PODS_PODFILE_DIR_PATH}/Podfile.lock\" \"${PODS_ROOT}/Manifest.lock\" > /dev/null\nif [ $? != 0 ] ; then\n    # print error to STDERR\n    echo \"error: The sandbox is not in sync with the Podfile.lock. Run 'pod install' or update your CocoaPods installation.\" >&2\n    exit 1\nfi\n# This output is used by Xcode 'outputs' to avoid re-running this script phase.\necho \"SUCCESS\" > \"${SCRIPT_OUTPUT_FILE_0}\"\n";
			showEnvVarsInLog = 0;
		};
		D76E2943E4EA1A9BC0BC48D1 /* [CP] Embed Pods Frameworks */ = {
			isa = PBXShellScriptBuildPhase;
			buildActionMask = 2147483647;
			files = (
			);
			inputFileListPaths = (
				"${PODS_ROOT}/Target Support Files/Pods-MVVMRxSwiftAdvance/Pods-MVVMRxSwiftAdvance-frameworks-${CONFIGURATION}-input-files.xcfilelist",
			);
			name = "[CP] Embed Pods Frameworks";
			outputFileListPaths = (
				"${PODS_ROOT}/Target Support Files/Pods-MVVMRxSwiftAdvance/Pods-MVVMRxSwiftAdvance-frameworks-${CONFIGURATION}-output-files.xcfilelist",
			);
			runOnlyForDeploymentPostprocessing = 0;
			shellPath = /bin/sh;
			shellScript = "\"${PODS_ROOT}/Target Support Files/Pods-MVVMRxSwiftAdvance/Pods-MVVMRxSwiftAdvance-frameworks.sh\"\n";
			showEnvVarsInLog = 0;
		};
/* End PBXShellScriptBuildPhase section */

/* Begin PBXSourcesBuildPhase section */
		4DC8F1FA2A7784D2008E7901 /* Sources */ = {
			isa = PBXSourcesBuildPhase;
			buildActionMask = 2147483647;
			files = (
				4DC8F25B2A7789C4008E7901 /* LocalNetworkAuthorization.swift in Sources */,
				4DC8F2562A7789C4008E7901 /* BaseNavigationViewController.swift in Sources */,
				4DC8F2732A779082008E7901 /* BaseViewController.swift in Sources */,
				4DC8F2622A7789C4008E7901 /* PhotoUseCase.swift in Sources */,
				4DC8F2512A7789C4008E7901 /* Date+.swift in Sources */,
				4DC8F2812A779333008E7901 /* PhotoCollectionViewCell.swift in Sources */,
				4DC8F2772A7790A0008E7901 /* SettingViewController.swift in Sources */,
				4DC8F24D2A7789C4008E7901 /* UIImageView+.swift in Sources */,
				4DC8F2572A7789C4008E7901 /* MainViewController.swift in Sources */,
				4DC8F24C2A7789C4008E7901 /* UIFont+.swift in Sources */,
				4DC8F2652A7789C4008E7901 /* EnumDefine.swift in Sources */,
				4DC8F26F2A778BA1008E7901 /* Localizable.swift in Sources */,
				4DC8F26E2A778BA1008E7901 /* Assets.swift in Sources */,
				4DC8F27F2A779333008E7901 /* BouncyLayout.swift in Sources */,
				4DC8F25C2A7789C4008E7901 /* ErrorTracker.swift in Sources */,
				4DC8F3252A7BD7CE008E7901 /* LoadingCircleView.swift in Sources */,
				4DC8F3262A7BD7CE008E7901 /* LoadingHud.swift in Sources */,
				4DC8F2502A7789C4008E7901 /* Observable+.swift in Sources */,
				4DC8F2542A7789C4008E7901 /* TopViewController.swift in Sources */,
				4DC8F25A2A7789C4008E7901 /* DIContainer.swift in Sources */,
				4DC8F2632A7789C4008E7901 /* Constant.swift in Sources */,
				4DC8F2662A7789C4008E7901 /* PhotoDataEntity.swift in Sources */,
				4DC8F2672A7789C4008E7901 /* PhotoRepository.swift in Sources */,
				4DC8F2682A7789C4008E7901 /* BaseRequest.swift in Sources */,
				4DC8F3322A7BE012008E7901 /* TopCollectionViewSkeletonDataSource.swift in Sources */,
				4DC8F2532A7789C4008E7901 /* TopViewModel.swift in Sources */,
				4DC8F3302A7BDCAE008E7901 /* ArrayDataSource.swift in Sources */,
				4DC8F2582A7789C4008E7901 /* LocalizableString.swift in Sources */,
				4DC8F25E2A7789C4008E7901 /* NetworkConnection.swift in Sources */,
				4DC8F2522A7789C4008E7901 /* UIApplication+.swift in Sources */,
				4DC8F24E2A7789C4008E7901 /* UIViewController+.swift in Sources */,
				4DC8F25F2A7789C4008E7901 /* AppShareData.swift in Sources */,
				4DC8F2612A7789C4008E7901 /* ApplicationUtil.swift in Sources */,
				4DC8F2022A7784D2008E7901 /* AppDelegate.swift in Sources */,
				4DC8F2602A7789C4008E7901 /* NumberUtil.swift in Sources */,
				4DC8F2642A7789C4008E7901 /* Storyboard.swift in Sources */,
				4DC8F32D2A7BD8C7008E7901 /* PhotoViewEntity.swift in Sources */,
				4DC8F2592A7789C4008E7901 /* ViewManager.swift in Sources */,
				4DC8F25D2A7789C4008E7901 /* ActivityIndicator.swift in Sources */,
				4DC8F32A2A7BD845008E7901 /* TopCollectionViewDataSource.swift in Sources */,
				4DC8F24F2A7789C4008E7901 /* UICollectionView+.swift in Sources */,
				4DC8F2722A779082008E7901 /* BaseView.swift in Sources */,
			);
			runOnlyForDeploymentPostprocessing = 0;
		};
/* End PBXSourcesBuildPhase section */

/* Begin PBXVariantGroup section */
		4DC8F2072A7784D2008E7901 /* Main.storyboard */ = {
			isa = PBXVariantGroup;
			children = (
				4DC8F2082A7784D2008E7901 /* Base */,
			);
			name = Main.storyboard;
			sourceTree = "<group>";
		};
		4DC8F20C2A7784D3008E7901 /* LaunchScreen.storyboard */ = {
			isa = PBXVariantGroup;
			children = (
				4DC8F20D2A7784D3008E7901 /* Base */,
			);
			name = LaunchScreen.storyboard;
			sourceTree = "<group>";
		};
		4DC8F21F2A77890B008E7901 /* Localizable.strings */ = {
			isa = PBXVariantGroup;
			children = (
				4DC8F21E2A77890B008E7901 /* ja */,
				4DC8F2202A77890E008E7901 /* en */,
			);
			name = Localizable.strings;
			sourceTree = "<group>";
		};
/* End PBXVariantGroup section */

/* Begin XCBuildConfiguration section */
		4DC8F2102A7784D3008E7901 /* Development */ = {
			isa = XCBuildConfiguration;
			baseConfigurationReference = 4DC8F26A2A778A7A008E7901 /* Development.xcconfig */;
			buildSettings = {
				ALWAYS_SEARCH_USER_PATHS = NO;
				CLANG_ANALYZER_LOCALIZABILITY_NONLOCALIZED = YES;
				CLANG_ANALYZER_NONNULL = YES;
				CLANG_ANALYZER_NUMBER_OBJECT_CONVERSION = YES_AGGRESSIVE;
				CLANG_CXX_LANGUAGE_STANDARD = "gnu++20";
				CLANG_ENABLE_MODULES = YES;
				CLANG_ENABLE_OBJC_ARC = YES;
				CLANG_ENABLE_OBJC_WEAK = YES;
				CLANG_WARN_BLOCK_CAPTURE_AUTORELEASING = YES;
				CLANG_WARN_BOOL_CONVERSION = YES;
				CLANG_WARN_COMMA = YES;
				CLANG_WARN_CONSTANT_CONVERSION = YES;
				CLANG_WARN_DEPRECATED_OBJC_IMPLEMENTATIONS = YES;
				CLANG_WARN_DIRECT_OBJC_ISA_USAGE = YES_ERROR;
				CLANG_WARN_DOCUMENTATION_COMMENTS = YES;
				CLANG_WARN_EMPTY_BODY = YES;
				CLANG_WARN_ENUM_CONVERSION = YES;
				CLANG_WARN_INFINITE_RECURSION = YES;
				CLANG_WARN_INT_CONVERSION = YES;
				CLANG_WARN_NON_LITERAL_NULL_CONVERSION = YES;
				CLANG_WARN_OBJC_IMPLICIT_RETAIN_SELF = YES;
				CLANG_WARN_OBJC_LITERAL_CONVERSION = YES;
				CLANG_WARN_OBJC_ROOT_CLASS = YES_ERROR;
				CLANG_WARN_QUOTED_INCLUDE_IN_FRAMEWORK_HEADER = YES;
				CLANG_WARN_RANGE_LOOP_ANALYSIS = YES;
				CLANG_WARN_STRICT_PROTOTYPES = YES;
				CLANG_WARN_SUSPICIOUS_MOVE = YES;
				CLANG_WARN_UNGUARDED_AVAILABILITY = YES_AGGRESSIVE;
				CLANG_WARN_UNREACHABLE_CODE = YES;
				CLANG_WARN__DUPLICATE_METHOD_MATCH = YES;
				COPY_PHASE_STRIP = NO;
				DEBUG_INFORMATION_FORMAT = dwarf;
				ENABLE_STRICT_OBJC_MSGSEND = YES;
				ENABLE_TESTABILITY = YES;
				GCC_C_LANGUAGE_STANDARD = gnu11;
				GCC_DYNAMIC_NO_PIC = NO;
				GCC_NO_COMMON_BLOCKS = YES;
				GCC_OPTIMIZATION_LEVEL = 0;
				GCC_PREPROCESSOR_DEFINITIONS = (
					"DEBUG=1",
					"$(inherited)",
				);
				GCC_WARN_64_TO_32_BIT_CONVERSION = YES;
				GCC_WARN_ABOUT_RETURN_TYPE = YES_ERROR;
				GCC_WARN_UNDECLARED_SELECTOR = YES;
				GCC_WARN_UNINITIALIZED_AUTOS = YES_AGGRESSIVE;
				GCC_WARN_UNUSED_FUNCTION = YES;
				GCC_WARN_UNUSED_VARIABLE = YES;
				IPHONEOS_DEPLOYMENT_TARGET = 12.0;
				MTL_ENABLE_DEBUG_INFO = INCLUDE_SOURCE;
				MTL_FAST_MATH = YES;
				ONLY_ACTIVE_ARCH = YES;
				SDKROOT = iphoneos;
				SWIFT_ACTIVE_COMPILATION_CONDITIONS = DEBUG;
				SWIFT_OPTIMIZATION_LEVEL = "-Onone";
			};
			name = Development;
		};
		4DC8F2112A7784D3008E7901 /* Production */ = {
			isa = XCBuildConfiguration;
			baseConfigurationReference = 4DC8F26B2A778A8E008E7901 /* Production.xcconfig */;
			buildSettings = {
				ALWAYS_SEARCH_USER_PATHS = NO;
				CLANG_ANALYZER_LOCALIZABILITY_NONLOCALIZED = YES;
				CLANG_ANALYZER_NONNULL = YES;
				CLANG_ANALYZER_NUMBER_OBJECT_CONVERSION = YES_AGGRESSIVE;
				CLANG_CXX_LANGUAGE_STANDARD = "gnu++20";
				CLANG_ENABLE_MODULES = YES;
				CLANG_ENABLE_OBJC_ARC = YES;
				CLANG_ENABLE_OBJC_WEAK = YES;
				CLANG_WARN_BLOCK_CAPTURE_AUTORELEASING = YES;
				CLANG_WARN_BOOL_CONVERSION = YES;
				CLANG_WARN_COMMA = YES;
				CLANG_WARN_CONSTANT_CONVERSION = YES;
				CLANG_WARN_DEPRECATED_OBJC_IMPLEMENTATIONS = YES;
				CLANG_WARN_DIRECT_OBJC_ISA_USAGE = YES_ERROR;
				CLANG_WARN_DOCUMENTATION_COMMENTS = YES;
				CLANG_WARN_EMPTY_BODY = YES;
				CLANG_WARN_ENUM_CONVERSION = YES;
				CLANG_WARN_INFINITE_RECURSION = YES;
				CLANG_WARN_INT_CONVERSION = YES;
				CLANG_WARN_NON_LITERAL_NULL_CONVERSION = YES;
				CLANG_WARN_OBJC_IMPLICIT_RETAIN_SELF = YES;
				CLANG_WARN_OBJC_LITERAL_CONVERSION = YES;
				CLANG_WARN_OBJC_ROOT_CLASS = YES_ERROR;
				CLANG_WARN_QUOTED_INCLUDE_IN_FRAMEWORK_HEADER = YES;
				CLANG_WARN_RANGE_LOOP_ANALYSIS = YES;
				CLANG_WARN_STRICT_PROTOTYPES = YES;
				CLANG_WARN_SUSPICIOUS_MOVE = YES;
				CLANG_WARN_UNGUARDED_AVAILABILITY = YES_AGGRESSIVE;
				CLANG_WARN_UNREACHABLE_CODE = YES;
				CLANG_WARN__DUPLICATE_METHOD_MATCH = YES;
				COPY_PHASE_STRIP = NO;
				DEBUG_INFORMATION_FORMAT = "dwarf-with-dsym";
				ENABLE_NS_ASSERTIONS = NO;
				ENABLE_STRICT_OBJC_MSGSEND = YES;
				GCC_C_LANGUAGE_STANDARD = gnu11;
				GCC_NO_COMMON_BLOCKS = YES;
				GCC_WARN_64_TO_32_BIT_CONVERSION = YES;
				GCC_WARN_ABOUT_RETURN_TYPE = YES_ERROR;
				GCC_WARN_UNDECLARED_SELECTOR = YES;
				GCC_WARN_UNINITIALIZED_AUTOS = YES_AGGRESSIVE;
				GCC_WARN_UNUSED_FUNCTION = YES;
				GCC_WARN_UNUSED_VARIABLE = YES;
				IPHONEOS_DEPLOYMENT_TARGET = 12.0;
				MTL_ENABLE_DEBUG_INFO = NO;
				MTL_FAST_MATH = YES;
				SDKROOT = iphoneos;
				SWIFT_COMPILATION_MODE = wholemodule;
				SWIFT_OPTIMIZATION_LEVEL = "-O";
				VALIDATE_PRODUCT = YES;
			};
			name = Production;
		};
		4DC8F2132A7784D3008E7901 /* Development */ = {
			isa = XCBuildConfiguration;
			baseConfigurationReference = E7B33D8953763C35D47C18A3 /* Pods-MVVMRxSwiftAdvance.development.xcconfig */;
			buildSettings = {
				ASSETCATALOG_COMPILER_APPICON_NAME = AppIcon;
				ASSETCATALOG_COMPILER_GLOBAL_ACCENT_COLOR_NAME = AccentColor;
				CODE_SIGN_STYLE = Automatic;
				CURRENT_PROJECT_VERSION = 1;
				DEVELOPMENT_TEAM = 62R3ZN8B42;
				GENERATE_INFOPLIST_FILE = YES;
				INFOPLIST_FILE = MVVMRxSwiftAdvance/Info.plist;
				INFOPLIST_KEY_UIApplicationSupportsIndirectInputEvents = YES;
				INFOPLIST_KEY_UILaunchStoryboardName = LaunchScreen;
				INFOPLIST_KEY_UIMainStoryboardFile = Main;
				INFOPLIST_KEY_UISupportedInterfaceOrientations_iPad = "UIInterfaceOrientationPortrait UIInterfaceOrientationPortraitUpsideDown UIInterfaceOrientationLandscapeLeft UIInterfaceOrientationLandscapeRight";
				INFOPLIST_KEY_UISupportedInterfaceOrientations_iPhone = "UIInterfaceOrientationPortrait UIInterfaceOrientationLandscapeLeft UIInterfaceOrientationLandscapeRight";
				LD_RUNPATH_SEARCH_PATHS = (
					"$(inherited)",
					"@executable_path/Frameworks",
				);
				MARKETING_VERSION = 1.0;
				PRODUCT_BUNDLE_IDENTIFIER = com.ndtan.MVVMRxSwiftAdvance;
				PRODUCT_NAME = "$(TARGET_NAME)";
				SWIFT_EMIT_LOC_STRINGS = YES;
				SWIFT_VERSION = 5.0;
				TARGETED_DEVICE_FAMILY = "1,2";
			};
			name = Development;
		};
		4DC8F2142A7784D3008E7901 /* Production */ = {
			isa = XCBuildConfiguration;
			baseConfigurationReference = 2B5FAA9FC586725E09B78E49 /* Pods-MVVMRxSwiftAdvance.production.xcconfig */;
			buildSettings = {
				ASSETCATALOG_COMPILER_APPICON_NAME = AppIcon;
				ASSETCATALOG_COMPILER_GLOBAL_ACCENT_COLOR_NAME = AccentColor;
				CODE_SIGN_STYLE = Automatic;
				CURRENT_PROJECT_VERSION = 1;
				DEVELOPMENT_TEAM = 62R3ZN8B42;
				GENERATE_INFOPLIST_FILE = YES;
				INFOPLIST_FILE = MVVMRxSwiftAdvance/Info.plist;
				INFOPLIST_KEY_UIApplicationSupportsIndirectInputEvents = YES;
				INFOPLIST_KEY_UILaunchStoryboardName = LaunchScreen;
				INFOPLIST_KEY_UIMainStoryboardFile = Main;
				INFOPLIST_KEY_UISupportedInterfaceOrientations_iPad = "UIInterfaceOrientationPortrait UIInterfaceOrientationPortraitUpsideDown UIInterfaceOrientationLandscapeLeft UIInterfaceOrientationLandscapeRight";
				INFOPLIST_KEY_UISupportedInterfaceOrientations_iPhone = "UIInterfaceOrientationPortrait UIInterfaceOrientationLandscapeLeft UIInterfaceOrientationLandscapeRight";
				LD_RUNPATH_SEARCH_PATHS = (
					"$(inherited)",
					"@executable_path/Frameworks",
				);
				MARKETING_VERSION = 1.0;
				PRODUCT_BUNDLE_IDENTIFIER = com.ndtan.MVVMRxSwiftAdvance;
				PRODUCT_NAME = "$(TARGET_NAME)";
				SWIFT_EMIT_LOC_STRINGS = YES;
				SWIFT_VERSION = 5.0;
				TARGETED_DEVICE_FAMILY = "1,2";
			};
			name = Production;
		};
/* End XCBuildConfiguration section */

/* Begin XCConfigurationList section */
		4DC8F1F92A7784D2008E7901 /* Build configuration list for PBXProject "MVVMRxSwiftAdvance" */ = {
			isa = XCConfigurationList;
			buildConfigurations = (
				4DC8F2102A7784D3008E7901 /* Development */,
				4DC8F2112A7784D3008E7901 /* Production */,
			);
			defaultConfigurationIsVisible = 0;
			defaultConfigurationName = Production;
		};
		4DC8F2122A7784D3008E7901 /* Build configuration list for PBXNativeTarget "MVVMRxSwiftAdvance" */ = {
			isa = XCConfigurationList;
			buildConfigurations = (
				4DC8F2132A7784D3008E7901 /* Development */,
				4DC8F2142A7784D3008E7901 /* Production */,
			);
			defaultConfigurationIsVisible = 0;
			defaultConfigurationName = Production;
		};
/* End XCConfigurationList section */
	};
	rootObject = 4DC8F1F62A7784D2008E7901 /* Project object */;
}
